// !$*UTF8*$!
{
	archiveVersion = 1;
	classes = {
	};
	objectVersion = 56;
	objects = {

/* Begin PBXBuildFile section */
		BB05E6D92AAC069E0042A451 /* AppDelegate.swift in Sources */ = {isa = PBXBuildFile; fileRef = BB05E6D82AAC069E0042A451 /* AppDelegate.swift */; };
		BB05E6DB2AAC069E0042A451 /* SceneDelegate.swift in Sources */ = {isa = PBXBuildFile; fileRef = BB05E6DA2AAC069E0042A451 /* SceneDelegate.swift */; };
		BB05E6DD2AAC069E0042A451 /* ViewController.swift in Sources */ = {isa = PBXBuildFile; fileRef = BB05E6DC2AAC069E0042A451 /* ViewController.swift */; };
		BB05E6E02AAC069E0042A451 /* Main.storyboard in Resources */ = {isa = PBXBuildFile; fileRef = BB05E6DE2AAC069E0042A451 /* Main.storyboard */; };
		BB05E6E32AAC069E0042A451 /* FaceAnimation.xcdatamodeld in Sources */ = {isa = PBXBuildFile; fileRef = BB05E6E12AAC069E0042A451 /* FaceAnimation.xcdatamodeld */; };
		BB05E6E52AAC069F0042A451 /* Assets.xcassets in Resources */ = {isa = PBXBuildFile; fileRef = BB05E6E42AAC069F0042A451 /* Assets.xcassets */; };
		BB05E6E82AAC069F0042A451 /* LaunchScreen.storyboard in Resources */ = {isa = PBXBuildFile; fileRef = BB05E6E62AAC069F0042A451 /* LaunchScreen.storyboard */; };
		BB05E6F32AAC069F0042A451 /* FaceAnimationTests.swift in Sources */ = {isa = PBXBuildFile; fileRef = BB05E6F22AAC069F0042A451 /* FaceAnimationTests.swift */; };
		BB05E6FD2AAC069F0042A451 /* FaceAnimationTestUITests.swift in Sources */ = {isa = PBXBuildFile; fileRef = BB05E6FC2AAC069F0042A451 /* FaceAnimationTestUITests.swift */; };
		BB05E6FF2AAC069F0042A451 /* FaceAnimationTestUITestsLaunchTests.swift in Sources */ = {isa = PBXBuildFile; fileRef = BB05E6FE2AAC069F0042A451 /* FaceAnimationTestUITestsLaunchTests.swift */; };
		BB05E70D2AAC06C70042A451 /* FaceAnimation.swift in Sources */ = {isa = PBXBuildFile; fileRef = BB05E70C2AAC06C70042A451 /* FaceAnimation.swift */; };
		BB05E70F2AAC06D80042A451 /* FacialFeatureAnimation.swift in Sources */ = {isa = PBXBuildFile; fileRef = BB05E70E2AAC06D80042A451 /* FacialFeatureAnimation.swift */; };
		BB05E7112AAC06EE0042A451 /* MoveAnimation.swift in Sources */ = {isa = PBXBuildFile; fileRef = BB05E7102AAC06EE0042A451 /* MoveAnimation.swift */; };
		BB05E7132AAC06F70042A451 /* MoveCurveAnimation.swift in Sources */ = {isa = PBXBuildFile; fileRef = BB05E7122AAC06F70042A451 /* MoveCurveAnimation.swift */; };
		BB05E7152AAC07010042A451 /* LineAnimation.swift in Sources */ = {isa = PBXBuildFile; fileRef = BB05E7142AAC07010042A451 /* LineAnimation.swift */; };
		BB05E7182AAC072C0042A451 /* ReadingLeftFaceAnimation.swift in Sources */ = {isa = PBXBuildFile; fileRef = BB05E7172AAC072C0042A451 /* ReadingLeftFaceAnimation.swift */; };
		BB05E71A2AAC073B0042A451 /* ReadingRightFaceAnimation.swift in Sources */ = {isa = PBXBuildFile; fileRef = BB05E7192AAC073B0042A451 /* ReadingRightFaceAnimation.swift */; };
		BB05E71F2AAC07640042A451 /* FaceAnimationSequence.swift in Sources */ = {isa = PBXBuildFile; fileRef = BB05E71E2AAC07640042A451 /* FaceAnimationSequence.swift */; };
		BB05E7222AAC07D30042A451 /* MouthPositions.swift in Sources */ = {isa = PBXBuildFile; fileRef = BB05E7212AAC07D30042A451 /* MouthPositions.swift */; };
		BB05E7242AACB71C0042A451 /* SmileIdleFaceAnimationSequence.swift in Sources */ = {isa = PBXBuildFile; fileRef = BB05E7232AACB71C0042A451 /* SmileIdleFaceAnimationSequence.swift */; };
		BB05E7262AACB7340042A451 /* SmileIdleFaceAnimationStart.swift in Sources */ = {isa = PBXBuildFile; fileRef = BB05E7252AACB7340042A451 /* SmileIdleFaceAnimationStart.swift */; };
		BB05E7282AACB7410042A451 /* SmileIdleFaceAnimation1.swift in Sources */ = {isa = PBXBuildFile; fileRef = BB05E7272AACB7410042A451 /* SmileIdleFaceAnimation1.swift */; };
		BB05E72A2AACB74D0042A451 /* SmileIdleFaceAnimation2.swift in Sources */ = {isa = PBXBuildFile; fileRef = BB05E7292AACB74D0042A451 /* SmileIdleFaceAnimation2.swift */; };
		BB05E72C2AACB75A0042A451 /* SmileIdleFaceAnimation3.swift in Sources */ = {isa = PBXBuildFile; fileRef = BB05E72B2AACB75A0042A451 /* SmileIdleFaceAnimation3.swift */; };
		BB05E72E2AACB7680042A451 /* WaitFaceAnimation.swift in Sources */ = {isa = PBXBuildFile; fileRef = BB05E72D2AACB7680042A451 /* WaitFaceAnimation.swift */; };
		BB05E7312AACB78B0042A451 /* FaceAnimationView.swift in Sources */ = {isa = PBXBuildFile; fileRef = BB05E7302AACB78B0042A451 /* FaceAnimationView.swift */; };
		BB05E7352AACB87A0042A451 /* face_background.png in Resources */ = {isa = PBXBuildFile; fileRef = BB05E7332AACB87A0042A451 /* face_background.png */; };
		BB05E7362AACB87A0042A451 /* face.png in Resources */ = {isa = PBXBuildFile; fileRef = BB05E7342AACB87A0042A451 /* face.png */; };
		BB05E7382AACBCCB0042A451 /* BlinkAnimation.swift in Sources */ = {isa = PBXBuildFile; fileRef = BB05E7372AACBCCB0042A451 /* BlinkAnimation.swift */; };
		BB05E73A2AACBF150042A451 /* BlinkFaceAnimation.swift in Sources */ = {isa = PBXBuildFile; fileRef = BB05E7392AACBF150042A451 /* BlinkFaceAnimation.swift */; };
		BB1403772AACCF6900B28E90 /* EyebrowsPositions.swift in Sources */ = {isa = PBXBuildFile; fileRef = BB1403762AACCF6900B28E90 /* EyebrowsPositions.swift */; };
		BB1403792AACD05A00B28E90 /* OpacityAnimation.swift in Sources */ = {isa = PBXBuildFile; fileRef = BB1403782AACD05A00B28E90 /* OpacityAnimation.swift */; };
/* End PBXBuildFile section */

/* Begin PBXContainerItemProxy section */
		BB05E6EF2AAC069F0042A451 /* PBXContainerItemProxy */ = {
			isa = PBXContainerItemProxy;
			containerPortal = BB05E6CD2AAC069E0042A451 /* Project object */;
			proxyType = 1;
			remoteGlobalIDString = BB05E6D42AAC069E0042A451;
			remoteInfo = FaceAnimationTest;
		};
		BB05E6F92AAC069F0042A451 /* PBXContainerItemProxy */ = {
			isa = PBXContainerItemProxy;
			containerPortal = BB05E6CD2AAC069E0042A451 /* Project object */;
			proxyType = 1;
			remoteGlobalIDString = BB05E6D42AAC069E0042A451;
			remoteInfo = FaceAnimationTest;
		};
/* End PBXContainerItemProxy section */

/* Begin PBXFileReference section */
		BB05E6D52AAC069E0042A451 /* FaceAnimation.app */ = {isa = PBXFileReference; explicitFileType = wrapper.application; includeInIndex = 0; path = FaceAnimation.app; sourceTree = BUILT_PRODUCTS_DIR; };
		BB05E6D82AAC069E0042A451 /* AppDelegate.swift */ = {isa = PBXFileReference; lastKnownFileType = sourcecode.swift; path = AppDelegate.swift; sourceTree = "<group>"; };
		BB05E6DA2AAC069E0042A451 /* SceneDelegate.swift */ = {isa = PBXFileReference; lastKnownFileType = sourcecode.swift; path = SceneDelegate.swift; sourceTree = "<group>"; };
		BB05E6DC2AAC069E0042A451 /* ViewController.swift */ = {isa = PBXFileReference; lastKnownFileType = sourcecode.swift; path = ViewController.swift; sourceTree = "<group>"; };
		BB05E6DF2AAC069E0042A451 /* Base */ = {isa = PBXFileReference; lastKnownFileType = file.storyboard; name = Base; path = Base.lproj/Main.storyboard; sourceTree = "<group>"; };
		BB05E6E22AAC069E0042A451 /* FaceAnimationTest.xcdatamodel */ = {isa = PBXFileReference; lastKnownFileType = wrapper.xcdatamodel; path = FaceAnimationTest.xcdatamodel; sourceTree = "<group>"; };
		BB05E6E42AAC069F0042A451 /* Assets.xcassets */ = {isa = PBXFileReference; lastKnownFileType = folder.assetcatalog; path = Assets.xcassets; sourceTree = "<group>"; };
		BB05E6E72AAC069F0042A451 /* Base */ = {isa = PBXFileReference; lastKnownFileType = file.storyboard; name = Base; path = Base.lproj/LaunchScreen.storyboard; sourceTree = "<group>"; };
		BB05E6E92AAC069F0042A451 /* Info.plist */ = {isa = PBXFileReference; lastKnownFileType = text.plist.xml; path = Info.plist; sourceTree = "<group>"; };
		BB05E6EE2AAC069F0042A451 /* FaceAnimationTests.xctest */ = {isa = PBXFileReference; explicitFileType = wrapper.cfbundle; includeInIndex = 0; path = FaceAnimationTests.xctest; sourceTree = BUILT_PRODUCTS_DIR; };
		BB05E6F22AAC069F0042A451 /* FaceAnimationTests.swift */ = {isa = PBXFileReference; lastKnownFileType = sourcecode.swift; path = FaceAnimationTests.swift; sourceTree = "<group>"; };
		BB05E6F82AAC069F0042A451 /* FaceAnimationUITests.xctest */ = {isa = PBXFileReference; explicitFileType = wrapper.cfbundle; includeInIndex = 0; path = FaceAnimationUITests.xctest; sourceTree = BUILT_PRODUCTS_DIR; };
		BB05E6FC2AAC069F0042A451 /* FaceAnimationTestUITests.swift */ = {isa = PBXFileReference; lastKnownFileType = sourcecode.swift; path = FaceAnimationTestUITests.swift; sourceTree = "<group>"; };
		BB05E6FE2AAC069F0042A451 /* FaceAnimationTestUITestsLaunchTests.swift */ = {isa = PBXFileReference; lastKnownFileType = sourcecode.swift; path = FaceAnimationTestUITestsLaunchTests.swift; sourceTree = "<group>"; };
		BB05E70C2AAC06C70042A451 /* FaceAnimation.swift */ = {isa = PBXFileReference; lastKnownFileType = sourcecode.swift; path = FaceAnimation.swift; sourceTree = "<group>"; };
		BB05E70E2AAC06D80042A451 /* FacialFeatureAnimation.swift */ = {isa = PBXFileReference; lastKnownFileType = sourcecode.swift; path = FacialFeatureAnimation.swift; sourceTree = "<group>"; };
		BB05E7102AAC06EE0042A451 /* MoveAnimation.swift */ = {isa = PBXFileReference; lastKnownFileType = sourcecode.swift; path = MoveAnimation.swift; sourceTree = "<group>"; };
		BB05E7122AAC06F70042A451 /* MoveCurveAnimation.swift */ = {isa = PBXFileReference; lastKnownFileType = sourcecode.swift; path = MoveCurveAnimation.swift; sourceTree = "<group>"; };
		BB05E7142AAC07010042A451 /* LineAnimation.swift */ = {isa = PBXFileReference; lastKnownFileType = sourcecode.swift; path = LineAnimation.swift; sourceTree = "<group>"; };
		BB05E7172AAC072C0042A451 /* ReadingLeftFaceAnimation.swift */ = {isa = PBXFileReference; lastKnownFileType = sourcecode.swift; path = ReadingLeftFaceAnimation.swift; sourceTree = "<group>"; };
		BB05E7192AAC073B0042A451 /* ReadingRightFaceAnimation.swift */ = {isa = PBXFileReference; lastKnownFileType = sourcecode.swift; path = ReadingRightFaceAnimation.swift; sourceTree = "<group>"; };
		BB05E71E2AAC07640042A451 /* FaceAnimationSequence.swift */ = {isa = PBXFileReference; lastKnownFileType = sourcecode.swift; path = FaceAnimationSequence.swift; sourceTree = "<group>"; };
		BB05E7212AAC07D30042A451 /* MouthPositions.swift */ = {isa = PBXFileReference; lastKnownFileType = sourcecode.swift; path = MouthPositions.swift; sourceTree = "<group>"; };
		BB05E7232AACB71C0042A451 /* SmileIdleFaceAnimationSequence.swift */ = {isa = PBXFileReference; lastKnownFileType = sourcecode.swift; path = SmileIdleFaceAnimationSequence.swift; sourceTree = "<group>"; };
		BB05E7252AACB7340042A451 /* SmileIdleFaceAnimationStart.swift */ = {isa = PBXFileReference; lastKnownFileType = sourcecode.swift; path = SmileIdleFaceAnimationStart.swift; sourceTree = "<group>"; };
		BB05E7272AACB7410042A451 /* SmileIdleFaceAnimation1.swift */ = {isa = PBXFileReference; lastKnownFileType = sourcecode.swift; path = SmileIdleFaceAnimation1.swift; sourceTree = "<group>"; };
		BB05E7292AACB74D0042A451 /* SmileIdleFaceAnimation2.swift */ = {isa = PBXFileReference; lastKnownFileType = sourcecode.swift; path = SmileIdleFaceAnimation2.swift; sourceTree = "<group>"; };
		BB05E72B2AACB75A0042A451 /* SmileIdleFaceAnimation3.swift */ = {isa = PBXFileReference; lastKnownFileType = sourcecode.swift; path = SmileIdleFaceAnimation3.swift; sourceTree = "<group>"; };
		BB05E72D2AACB7680042A451 /* WaitFaceAnimation.swift */ = {isa = PBXFileReference; lastKnownFileType = sourcecode.swift; path = WaitFaceAnimation.swift; sourceTree = "<group>"; };
		BB05E7302AACB78B0042A451 /* FaceAnimationView.swift */ = {isa = PBXFileReference; lastKnownFileType = sourcecode.swift; path = FaceAnimationView.swift; sourceTree = "<group>"; };
		BB05E7332AACB87A0042A451 /* face_background.png */ = {isa = PBXFileReference; lastKnownFileType = image.png; path = face_background.png; sourceTree = "<group>"; };
		BB05E7342AACB87A0042A451 /* face.png */ = {isa = PBXFileReference; lastKnownFileType = image.png; path = face.png; sourceTree = "<group>"; };
		BB05E7372AACBCCB0042A451 /* BlinkAnimation.swift */ = {isa = PBXFileReference; lastKnownFileType = sourcecode.swift; path = BlinkAnimation.swift; sourceTree = "<group>"; };
		BB05E7392AACBF150042A451 /* BlinkFaceAnimation.swift */ = {isa = PBXFileReference; lastKnownFileType = sourcecode.swift; path = BlinkFaceAnimation.swift; sourceTree = "<group>"; };
		BB1403762AACCF6900B28E90 /* EyebrowsPositions.swift */ = {isa = PBXFileReference; lastKnownFileType = sourcecode.swift; path = EyebrowsPositions.swift; sourceTree = "<group>"; };
		BB1403782AACD05A00B28E90 /* OpacityAnimation.swift */ = {isa = PBXFileReference; lastKnownFileType = sourcecode.swift; path = OpacityAnimation.swift; sourceTree = "<group>"; };
/* End PBXFileReference section */

/* Begin PBXFrameworksBuildPhase section */
		BB05E6D22AAC069E0042A451 /* Frameworks */ = {
			isa = PBXFrameworksBuildPhase;
			buildActionMask = 2147483647;
			files = (
			);
			runOnlyForDeploymentPostprocessing = 0;
		};
		BB05E6EB2AAC069F0042A451 /* Frameworks */ = {
			isa = PBXFrameworksBuildPhase;
			buildActionMask = 2147483647;
			files = (
			);
			runOnlyForDeploymentPostprocessing = 0;
		};
		BB05E6F52AAC069F0042A451 /* Frameworks */ = {
			isa = PBXFrameworksBuildPhase;
			buildActionMask = 2147483647;
			files = (
			);
			runOnlyForDeploymentPostprocessing = 0;
		};
/* End PBXFrameworksBuildPhase section */

/* Begin PBXGroup section */
		BB05E6CC2AAC069E0042A451 = {
			isa = PBXGroup;
			children = (
				BB12F45C2AAD53C200B2A0DD /* Sources */,
				BB2C4EDC2AAD45CF00E9EE5A /* Example */,
				BB12F45D2AAD53DA00B2A0DD /* Tests */,
				BB05E6D62AAC069E0042A451 /* Products */,
			);
			sourceTree = "<group>";
		};
		BB05E6D62AAC069E0042A451 /* Products */ = {
			isa = PBXGroup;
			children = (
				BB05E6D52AAC069E0042A451 /* FaceAnimation.app */,
				BB05E6EE2AAC069F0042A451 /* FaceAnimationTests.xctest */,
				BB05E6F82AAC069F0042A451 /* FaceAnimationUITests.xctest */,
			);
			name = Products;
			sourceTree = "<group>";
		};
		BB05E6D72AAC069E0042A451 /* FaceAnimation */ = {
			isa = PBXGroup;
			children = (
				BB05E7322AACB86C0042A451 /* Images */,
				BB05E7202AAC07C60042A451 /* Animations */,
				BB05E70B2AAC06BC0042A451 /* FaceAnimation */,
				BB05E6E92AAC069F0042A451 /* Info.plist */,
				BB05E6E12AAC069E0042A451 /* FaceAnimation.xcdatamodeld */,
			);
			path = FaceAnimation;
			sourceTree = "<group>";
		};
		BB05E6F12AAC069F0042A451 /* FaceAnimationTests */ = {
			isa = PBXGroup;
			children = (
				BB05E6F22AAC069F0042A451 /* FaceAnimationTests.swift */,
			);
			path = FaceAnimationTests;
			sourceTree = "<group>";
		};
		BB05E6FB2AAC069F0042A451 /* FaceAnimationUITests */ = {
			isa = PBXGroup;
			children = (
				BB05E6FC2AAC069F0042A451 /* FaceAnimationTestUITests.swift */,
				BB05E6FE2AAC069F0042A451 /* FaceAnimationTestUITestsLaunchTests.swift */,
			);
			path = FaceAnimationUITests;
			sourceTree = "<group>";
		};
		BB05E70B2AAC06BC0042A451 /* FaceAnimation */ = {
			isa = PBXGroup;
			children = (
				BB05E70C2AAC06C70042A451 /* FaceAnimation.swift */,
				BB05E70E2AAC06D80042A451 /* FacialFeatureAnimation.swift */,
				BB05E71E2AAC07640042A451 /* FaceAnimationSequence.swift */,
				BB05E7302AACB78B0042A451 /* FaceAnimationView.swift */,
				BB05E7372AACBCCB0042A451 /* BlinkAnimation.swift */,
				BB05E7102AAC06EE0042A451 /* MoveAnimation.swift */,
				BB1403782AACD05A00B28E90 /* OpacityAnimation.swift */,
				BB05E7122AAC06F70042A451 /* MoveCurveAnimation.swift */,
				BB05E7142AAC07010042A451 /* LineAnimation.swift */,
			);
			path = FaceAnimation;
			sourceTree = "<group>";
		};
		BB05E7162AAC07200042A451 /* ReadingIdle */ = {
			isa = PBXGroup;
			children = (
				BB05E7172AAC072C0042A451 /* ReadingLeftFaceAnimation.swift */,
				BB05E7192AAC073B0042A451 /* ReadingRightFaceAnimation.swift */,
			);
			path = ReadingIdle;
			sourceTree = "<group>";
		};
		BB05E71B2AAC074F0042A451 /* SmileIdle */ = {
			isa = PBXGroup;
			children = (
				BB05E7252AACB7340042A451 /* SmileIdleFaceAnimationStart.swift */,
				BB05E7272AACB7410042A451 /* SmileIdleFaceAnimation1.swift */,
				BB05E7292AACB74D0042A451 /* SmileIdleFaceAnimation2.swift */,
				BB05E72B2AACB75A0042A451 /* SmileIdleFaceAnimation3.swift */,
				BB05E7232AACB71C0042A451 /* SmileIdleFaceAnimationSequence.swift */,
			);
			path = SmileIdle;
			sourceTree = "<group>";
		};
		BB05E7202AAC07C60042A451 /* Animations */ = {
			isa = PBXGroup;
			children = (
				BB1403762AACCF6900B28E90 /* EyebrowsPositions.swift */,
				BB05E7212AAC07D30042A451 /* MouthPositions.swift */,
				BB05E7392AACBF150042A451 /* BlinkFaceAnimation.swift */,
				BB05E72D2AACB7680042A451 /* WaitFaceAnimation.swift */,
			);
			path = Animations;
			sourceTree = "<group>";
		};
		BB05E7322AACB86C0042A451 /* Images */ = {
			isa = PBXGroup;
			children = (
				BB05E7332AACB87A0042A451 /* face_background.png */,
				BB05E7342AACB87A0042A451 /* face.png */,
			);
			path = Images;
			sourceTree = "<group>";
		};
		BB12F45C2AAD53C200B2A0DD /* Sources */ = {
			isa = PBXGroup;
			children = (
				BB05E6D72AAC069E0042A451 /* FaceAnimation */,
			);
			path = Sources;
			sourceTree = "<group>";
		};
		BB12F45D2AAD53DA00B2A0DD /* Tests */ = {
			isa = PBXGroup;
			children = (
				BB05E6F12AAC069F0042A451 /* FaceAnimationTests */,
				BB05E6FB2AAC069F0042A451 /* FaceAnimationUITests */,
			);
			path = Tests;
			sourceTree = "<group>";
		};
		BB2C4EDC2AAD45CF00E9EE5A /* Example */ = {
			isa = PBXGroup;
			children = (
				BB05E71B2AAC074F0042A451 /* SmileIdle */,
				BB05E7162AAC07200042A451 /* ReadingIdle */,
				BB05E6D82AAC069E0042A451 /* AppDelegate.swift */,
				BB05E6DA2AAC069E0042A451 /* SceneDelegate.swift */,
				BB05E6DC2AAC069E0042A451 /* ViewController.swift */,
				BB05E6DE2AAC069E0042A451 /* Main.storyboard */,
				BB05E6E42AAC069F0042A451 /* Assets.xcassets */,
				BB05E6E62AAC069F0042A451 /* LaunchScreen.storyboard */,
			);
			path = Example;
			sourceTree = "<group>";
		};
/* End PBXGroup section */

/* Begin PBXNativeTarget section */
		BB05E6D42AAC069E0042A451 /* FaceAnimation */ = {
			isa = PBXNativeTarget;
			buildConfigurationList = BB05E7022AAC069F0042A451 /* Build configuration list for PBXNativeTarget "FaceAnimation" */;
			buildPhases = (
				BB05E6D12AAC069E0042A451 /* Sources */,
				BB05E6D22AAC069E0042A451 /* Frameworks */,
				BB05E6D32AAC069E0042A451 /* Resources */,
			);
			buildRules = (
			);
			dependencies = (
			);
			name = FaceAnimation;
			productName = FaceAnimationTest;
			productReference = BB05E6D52AAC069E0042A451 /* FaceAnimation.app */;
			productType = "com.apple.product-type.application";
		};
		BB05E6ED2AAC069F0042A451 /* FaceAnimationTests */ = {
			isa = PBXNativeTarget;
			buildConfigurationList = BB05E7052AAC069F0042A451 /* Build configuration list for PBXNativeTarget "FaceAnimationTests" */;
			buildPhases = (
				BB05E6EA2AAC069F0042A451 /* Sources */,
				BB05E6EB2AAC069F0042A451 /* Frameworks */,
				BB05E6EC2AAC069F0042A451 /* Resources */,
			);
			buildRules = (
			);
			dependencies = (
				BB05E6F02AAC069F0042A451 /* PBXTargetDependency */,
			);
			name = FaceAnimationTests;
			productName = FaceAnimationTestTests;
			productReference = BB05E6EE2AAC069F0042A451 /* FaceAnimationTests.xctest */;
			productType = "com.apple.product-type.bundle.unit-test";
		};
		BB05E6F72AAC069F0042A451 /* FaceAnimationUITests */ = {
			isa = PBXNativeTarget;
			buildConfigurationList = BB05E7082AAC069F0042A451 /* Build configuration list for PBXNativeTarget "FaceAnimationUITests" */;
			buildPhases = (
				BB05E6F42AAC069F0042A451 /* Sources */,
				BB05E6F52AAC069F0042A451 /* Frameworks */,
				BB05E6F62AAC069F0042A451 /* Resources */,
			);
			buildRules = (
			);
			dependencies = (
				BB05E6FA2AAC069F0042A451 /* PBXTargetDependency */,
			);
			name = FaceAnimationUITests;
			productName = FaceAnimationTestUITests;
			productReference = BB05E6F82AAC069F0042A451 /* FaceAnimationUITests.xctest */;
			productType = "com.apple.product-type.bundle.ui-testing";
		};
/* End PBXNativeTarget section */

/* Begin PBXProject section */
		BB05E6CD2AAC069E0042A451 /* Project object */ = {
			isa = PBXProject;
			attributes = {
				BuildIndependentTargetsInParallel = 1;
				LastSwiftUpdateCheck = 1430;
				LastUpgradeCheck = 1430;
				TargetAttributes = {
					BB05E6D42AAC069E0042A451 = {
						CreatedOnToolsVersion = 14.3.1;
					};
					BB05E6ED2AAC069F0042A451 = {
						CreatedOnToolsVersion = 14.3.1;
						TestTargetID = BB05E6D42AAC069E0042A451;
					};
					BB05E6F72AAC069F0042A451 = {
						CreatedOnToolsVersion = 14.3.1;
						TestTargetID = BB05E6D42AAC069E0042A451;
					};
				};
			};
			buildConfigurationList = BB05E6D02AAC069E0042A451 /* Build configuration list for PBXProject "FaceAnimation" */;
			compatibilityVersion = "Xcode 14.0";
			developmentRegion = en;
			hasScannedForEncodings = 0;
			knownRegions = (
				en,
				Base,
			);
			mainGroup = BB05E6CC2AAC069E0042A451;
			productRefGroup = BB05E6D62AAC069E0042A451 /* Products */;
			projectDirPath = "";
			projectRoot = "";
			targets = (
				BB05E6D42AAC069E0042A451 /* FaceAnimation */,
				BB05E6ED2AAC069F0042A451 /* FaceAnimationTests */,
				BB05E6F72AAC069F0042A451 /* FaceAnimationUITests */,
			);
		};
/* End PBXProject section */

/* Begin PBXResourcesBuildPhase section */
		BB05E6D32AAC069E0042A451 /* Resources */ = {
			isa = PBXResourcesBuildPhase;
			buildActionMask = 2147483647;
			files = (
				BB05E7352AACB87A0042A451 /* face_background.png in Resources */,
				BB05E7362AACB87A0042A451 /* face.png in Resources */,
				BB05E6E82AAC069F0042A451 /* LaunchScreen.storyboard in Resources */,
				BB05E6E52AAC069F0042A451 /* Assets.xcassets in Resources */,
				BB05E6E02AAC069E0042A451 /* Main.storyboard in Resources */,
			);
			runOnlyForDeploymentPostprocessing = 0;
		};
		BB05E6EC2AAC069F0042A451 /* Resources */ = {
			isa = PBXResourcesBuildPhase;
			buildActionMask = 2147483647;
			files = (
			);
			runOnlyForDeploymentPostprocessing = 0;
		};
		BB05E6F62AAC069F0042A451 /* Resources */ = {
			isa = PBXResourcesBuildPhase;
			buildActionMask = 2147483647;
			files = (
			);
			runOnlyForDeploymentPostprocessing = 0;
		};
/* End PBXResourcesBuildPhase section */

/* Begin PBXSourcesBuildPhase section */
		BB05E6D12AAC069E0042A451 /* Sources */ = {
			isa = PBXSourcesBuildPhase;
			buildActionMask = 2147483647;
			files = (
				BB05E71F2AAC07640042A451 /* FaceAnimationSequence.swift in Sources */,
				BB05E7382AACBCCB0042A451 /* BlinkAnimation.swift in Sources */,
				BB05E72A2AACB74D0042A451 /* SmileIdleFaceAnimation2.swift in Sources */,
				BB05E72E2AACB7680042A451 /* WaitFaceAnimation.swift in Sources */,
				BB05E73A2AACBF150042A451 /* BlinkFaceAnimation.swift in Sources */,
				BB05E6DD2AAC069E0042A451 /* ViewController.swift in Sources */,
				BB05E6E32AAC069E0042A451 /* FaceAnimation.xcdatamodeld in Sources */,
				BB05E72C2AACB75A0042A451 /* SmileIdleFaceAnimation3.swift in Sources */,
				BB1403772AACCF6900B28E90 /* EyebrowsPositions.swift in Sources */,
				BB05E7222AAC07D30042A451 /* MouthPositions.swift in Sources */,
				BB05E7182AAC072C0042A451 /* ReadingLeftFaceAnimation.swift in Sources */,
				BB05E70D2AAC06C70042A451 /* FaceAnimation.swift in Sources */,
				BB05E71A2AAC073B0042A451 /* ReadingRightFaceAnimation.swift in Sources */,
				BB05E7112AAC06EE0042A451 /* MoveAnimation.swift in Sources */,
				BB05E70F2AAC06D80042A451 /* FacialFeatureAnimation.swift in Sources */,
				BB05E7152AAC07010042A451 /* LineAnimation.swift in Sources */,
				BB05E6D92AAC069E0042A451 /* AppDelegate.swift in Sources */,
				BB05E6DB2AAC069E0042A451 /* SceneDelegate.swift in Sources */,
				BB1403792AACD05A00B28E90 /* OpacityAnimation.swift in Sources */,
				BB05E7312AACB78B0042A451 /* FaceAnimationView.swift in Sources */,
				BB05E7242AACB71C0042A451 /* SmileIdleFaceAnimationSequence.swift in Sources */,
				BB05E7262AACB7340042A451 /* SmileIdleFaceAnimationStart.swift in Sources */,
				BB05E7282AACB7410042A451 /* SmileIdleFaceAnimation1.swift in Sources */,
				BB05E7132AAC06F70042A451 /* MoveCurveAnimation.swift in Sources */,
			);
			runOnlyForDeploymentPostprocessing = 0;
		};
		BB05E6EA2AAC069F0042A451 /* Sources */ = {
			isa = PBXSourcesBuildPhase;
			buildActionMask = 2147483647;
			files = (
				BB05E6F32AAC069F0042A451 /* FaceAnimationTests.swift in Sources */,
			);
			runOnlyForDeploymentPostprocessing = 0;
		};
		BB05E6F42AAC069F0042A451 /* Sources */ = {
			isa = PBXSourcesBuildPhase;
			buildActionMask = 2147483647;
			files = (
				BB05E6FF2AAC069F0042A451 /* FaceAnimationTestUITestsLaunchTests.swift in Sources */,
				BB05E6FD2AAC069F0042A451 /* FaceAnimationTestUITests.swift in Sources */,
			);
			runOnlyForDeploymentPostprocessing = 0;
		};
/* End PBXSourcesBuildPhase section */

/* Begin PBXTargetDependency section */
		BB05E6F02AAC069F0042A451 /* PBXTargetDependency */ = {
			isa = PBXTargetDependency;
			target = BB05E6D42AAC069E0042A451 /* FaceAnimation */;
			targetProxy = BB05E6EF2AAC069F0042A451 /* PBXContainerItemProxy */;
		};
		BB05E6FA2AAC069F0042A451 /* PBXTargetDependency */ = {
			isa = PBXTargetDependency;
			target = BB05E6D42AAC069E0042A451 /* FaceAnimation */;
			targetProxy = BB05E6F92AAC069F0042A451 /* PBXContainerItemProxy */;
		};
/* End PBXTargetDependency section */

/* Begin PBXVariantGroup section */
		BB05E6DE2AAC069E0042A451 /* Main.storyboard */ = {
			isa = PBXVariantGroup;
			children = (
				BB05E6DF2AAC069E0042A451 /* Base */,
			);
			name = Main.storyboard;
			sourceTree = "<group>";
		};
		BB05E6E62AAC069F0042A451 /* LaunchScreen.storyboard */ = {
			isa = PBXVariantGroup;
			children = (
				BB05E6E72AAC069F0042A451 /* Base */,
			);
			name = LaunchScreen.storyboard;
			sourceTree = "<group>";
		};
/* End PBXVariantGroup section */

/* Begin XCBuildConfiguration section */
		BB05E7002AAC069F0042A451 /* Debug */ = {
			isa = XCBuildConfiguration;
			buildSettings = {
				ALWAYS_SEARCH_USER_PATHS = NO;
				CLANG_ANALYZER_NONNULL = YES;
				CLANG_ANALYZER_NUMBER_OBJECT_CONVERSION = YES_AGGRESSIVE;
				CLANG_CXX_LANGUAGE_STANDARD = "gnu++20";
				CLANG_ENABLE_MODULES = YES;
				CLANG_ENABLE_OBJC_ARC = YES;
				CLANG_ENABLE_OBJC_WEAK = YES;
				CLANG_WARN_BLOCK_CAPTURE_AUTORELEASING = YES;
				CLANG_WARN_BOOL_CONVERSION = YES;
				CLANG_WARN_COMMA = YES;
				CLANG_WARN_CONSTANT_CONVERSION = YES;
				CLANG_WARN_DEPRECATED_OBJC_IMPLEMENTATIONS = YES;
				CLANG_WARN_DIRECT_OBJC_ISA_USAGE = YES_ERROR;
				CLANG_WARN_DOCUMENTATION_COMMENTS = YES;
				CLANG_WARN_EMPTY_BODY = YES;
				CLANG_WARN_ENUM_CONVERSION = YES;
				CLANG_WARN_INFINITE_RECURSION = YES;
				CLANG_WARN_INT_CONVERSION = YES;
				CLANG_WARN_NON_LITERAL_NULL_CONVERSION = YES;
				CLANG_WARN_OBJC_IMPLICIT_RETAIN_SELF = YES;
				CLANG_WARN_OBJC_LITERAL_CONVERSION = YES;
				CLANG_WARN_OBJC_ROOT_CLASS = YES_ERROR;
				CLANG_WARN_QUOTED_INCLUDE_IN_FRAMEWORK_HEADER = YES;
				CLANG_WARN_RANGE_LOOP_ANALYSIS = YES;
				CLANG_WARN_STRICT_PROTOTYPES = YES;
				CLANG_WARN_SUSPICIOUS_MOVE = YES;
				CLANG_WARN_UNGUARDED_AVAILABILITY = YES_AGGRESSIVE;
				CLANG_WARN_UNREACHABLE_CODE = YES;
				CLANG_WARN__DUPLICATE_METHOD_MATCH = YES;
				COPY_PHASE_STRIP = NO;
				DEBUG_INFORMATION_FORMAT = dwarf;
				ENABLE_STRICT_OBJC_MSGSEND = YES;
				ENABLE_TESTABILITY = YES;
				GCC_C_LANGUAGE_STANDARD = gnu11;
				GCC_DYNAMIC_NO_PIC = NO;
				GCC_NO_COMMON_BLOCKS = YES;
				GCC_OPTIMIZATION_LEVEL = 0;
				GCC_PREPROCESSOR_DEFINITIONS = (
					"DEBUG=1",
					"$(inherited)",
				);
				GCC_WARN_64_TO_32_BIT_CONVERSION = YES;
				GCC_WARN_ABOUT_RETURN_TYPE = YES_ERROR;
				GCC_WARN_UNDECLARED_SELECTOR = YES;
				GCC_WARN_UNINITIALIZED_AUTOS = YES_AGGRESSIVE;
				GCC_WARN_UNUSED_FUNCTION = YES;
				GCC_WARN_UNUSED_VARIABLE = YES;
				IPHONEOS_DEPLOYMENT_TARGET = 15.0;
				MTL_ENABLE_DEBUG_INFO = INCLUDE_SOURCE;
				MTL_FAST_MATH = YES;
				ONLY_ACTIVE_ARCH = YES;
				SDKROOT = iphoneos;
				SWIFT_ACTIVE_COMPILATION_CONDITIONS = DEBUG;
				SWIFT_OPTIMIZATION_LEVEL = "-Onone";
			};
			name = Debug;
		};
		BB05E7012AAC069F0042A451 /* Release */ = {
			isa = XCBuildConfiguration;
			buildSettings = {
				ALWAYS_SEARCH_USER_PATHS = NO;
				CLANG_ANALYZER_NONNULL = YES;
				CLANG_ANALYZER_NUMBER_OBJECT_CONVERSION = YES_AGGRESSIVE;
				CLANG_CXX_LANGUAGE_STANDARD = "gnu++20";
				CLANG_ENABLE_MODULES = YES;
				CLANG_ENABLE_OBJC_ARC = YES;
				CLANG_ENABLE_OBJC_WEAK = YES;
				CLANG_WARN_BLOCK_CAPTURE_AUTORELEASING = YES;
				CLANG_WARN_BOOL_CONVERSION = YES;
				CLANG_WARN_COMMA = YES;
				CLANG_WARN_CONSTANT_CONVERSION = YES;
				CLANG_WARN_DEPRECATED_OBJC_IMPLEMENTATIONS = YES;
				CLANG_WARN_DIRECT_OBJC_ISA_USAGE = YES_ERROR;
				CLANG_WARN_DOCUMENTATION_COMMENTS = YES;
				CLANG_WARN_EMPTY_BODY = YES;
				CLANG_WARN_ENUM_CONVERSION = YES;
				CLANG_WARN_INFINITE_RECURSION = YES;
				CLANG_WARN_INT_CONVERSION = YES;
				CLANG_WARN_NON_LITERAL_NULL_CONVERSION = YES;
				CLANG_WARN_OBJC_IMPLICIT_RETAIN_SELF = YES;
				CLANG_WARN_OBJC_LITERAL_CONVERSION = YES;
				CLANG_WARN_OBJC_ROOT_CLASS = YES_ERROR;
				CLANG_WARN_QUOTED_INCLUDE_IN_FRAMEWORK_HEADER = YES;
				CLANG_WARN_RANGE_LOOP_ANALYSIS = YES;
				CLANG_WARN_STRICT_PROTOTYPES = YES;
				CLANG_WARN_SUSPICIOUS_MOVE = YES;
				CLANG_WARN_UNGUARDED_AVAILABILITY = YES_AGGRESSIVE;
				CLANG_WARN_UNREACHABLE_CODE = YES;
				CLANG_WARN__DUPLICATE_METHOD_MATCH = YES;
				COPY_PHASE_STRIP = NO;
				DEBUG_INFORMATION_FORMAT = "dwarf-with-dsym";
				ENABLE_NS_ASSERTIONS = NO;
				ENABLE_STRICT_OBJC_MSGSEND = YES;
				GCC_C_LANGUAGE_STANDARD = gnu11;
				GCC_NO_COMMON_BLOCKS = YES;
				GCC_WARN_64_TO_32_BIT_CONVERSION = YES;
				GCC_WARN_ABOUT_RETURN_TYPE = YES_ERROR;
				GCC_WARN_UNDECLARED_SELECTOR = YES;
				GCC_WARN_UNINITIALIZED_AUTOS = YES_AGGRESSIVE;
				GCC_WARN_UNUSED_FUNCTION = YES;
				GCC_WARN_UNUSED_VARIABLE = YES;
				IPHONEOS_DEPLOYMENT_TARGET = 15.0;
				MTL_ENABLE_DEBUG_INFO = NO;
				MTL_FAST_MATH = YES;
				SDKROOT = iphoneos;
				SWIFT_COMPILATION_MODE = wholemodule;
				SWIFT_OPTIMIZATION_LEVEL = "-O";
				VALIDATE_PRODUCT = YES;
			};
			name = Release;
		};
		BB05E7032AAC069F0042A451 /* Debug */ = {
			isa = XCBuildConfiguration;
			buildSettings = {
				ASSETCATALOG_COMPILER_APPICON_NAME = AppIcon;
				ASSETCATALOG_COMPILER_GLOBAL_ACCENT_COLOR_NAME = AccentColor;
				ASSETCATALOG_COMPILER_INCLUDE_INFOPLIST_LOCALIZATIONS = YES;
				CODE_SIGN_STYLE = Automatic;
				CURRENT_PROJECT_VERSION = 1;
				DEVELOPMENT_TEAM = WNCN9TJFT3;
				GENERATE_INFOPLIST_FILE = YES;
				INFOPLIST_FILE = Sources/FaceAnimation/Info.plist;
				INFOPLIST_KEY_UIApplicationSupportsIndirectInputEvents = YES;
				INFOPLIST_KEY_UILaunchStoryboardName = LaunchScreen;
				INFOPLIST_KEY_UIMainStoryboardFile = Main;
				INFOPLIST_KEY_UISupportedInterfaceOrientations_iPad = "UIInterfaceOrientationPortrait UIInterfaceOrientationPortraitUpsideDown UIInterfaceOrientationLandscapeLeft UIInterfaceOrientationLandscapeRight";
				INFOPLIST_KEY_UISupportedInterfaceOrientations_iPhone = "UIInterfaceOrientationPortrait UIInterfaceOrientationLandscapeLeft UIInterfaceOrientationLandscapeRight";
				LD_RUNPATH_SEARCH_PATHS = (
					"$(inherited)",
					"@executable_path/Frameworks",
				);
				MARKETING_VERSION = 1.0;
				PRODUCT_BUNDLE_IDENTIFIER = com.acapplications.FaceAnimation;
				PRODUCT_NAME = "$(TARGET_NAME)";
				SWIFT_EMIT_LOC_STRINGS = YES;
				SWIFT_VERSION = 5.0;
				TARGETED_DEVICE_FAMILY = "1,2";
			};
			name = Debug;
		};
		BB05E7042AAC069F0042A451 /* Release */ = {
			isa = XCBuildConfiguration;
			buildSettings = {
				ASSETCATALOG_COMPILER_APPICON_NAME = AppIcon;
				ASSETCATALOG_COMPILER_GLOBAL_ACCENT_COLOR_NAME = AccentColor;
				ASSETCATALOG_COMPILER_INCLUDE_INFOPLIST_LOCALIZATIONS = YES;
				CODE_SIGN_STYLE = Automatic;
				CURRENT_PROJECT_VERSION = 1;
				DEVELOPMENT_TEAM = WNCN9TJFT3;
				GENERATE_INFOPLIST_FILE = YES;
				INFOPLIST_FILE = Sources/FaceAnimation/Info.plist;
				INFOPLIST_KEY_UIApplicationSupportsIndirectInputEvents = YES;
				INFOPLIST_KEY_UILaunchStoryboardName = LaunchScreen;
				INFOPLIST_KEY_UIMainStoryboardFile = Main;
				INFOPLIST_KEY_UISupportedInterfaceOrientations_iPad = "UIInterfaceOrientationPortrait UIInterfaceOrientationPortraitUpsideDown UIInterfaceOrientationLandscapeLeft UIInterfaceOrientationLandscapeRight";
				INFOPLIST_KEY_UISupportedInterfaceOrientations_iPhone = "UIInterfaceOrientationPortrait UIInterfaceOrientationLandscapeLeft UIInterfaceOrientationLandscapeRight";
				LD_RUNPATH_SEARCH_PATHS = (
					"$(inherited)",
					"@executable_path/Frameworks",
				);
				MARKETING_VERSION = 1.0;
				PRODUCT_BUNDLE_IDENTIFIER = com.acapplications.FaceAnimation;
				PRODUCT_NAME = "$(TARGET_NAME)";
				SWIFT_EMIT_LOC_STRINGS = YES;
				SWIFT_VERSION = 5.0;
				TARGETED_DEVICE_FAMILY = "1,2";
			};
			name = Release;
		};
		BB05E7062AAC069F0042A451 /* Debug */ = {
			isa = XCBuildConfiguration;
			buildSettings = {
				ALWAYS_EMBED_SWIFT_STANDARD_LIBRARIES = YES;
				BUNDLE_LOADER = "$(TEST_HOST)";
				CODE_SIGN_STYLE = Automatic;
				CURRENT_PROJECT_VERSION = 1;
				DEVELOPMENT_TEAM = WNCN9TJFT3;
				GENERATE_INFOPLIST_FILE = YES;
				IPHONEOS_DEPLOYMENT_TARGET = 16.4;
				MARKETING_VERSION = 1.0;
				PRODUCT_BUNDLE_IDENTIFIER = com.acapplications.FaceAnimationTests;
				PRODUCT_NAME = "$(TARGET_NAME)";
				SWIFT_EMIT_LOC_STRINGS = NO;
				SWIFT_VERSION = 5.0;
				TARGETED_DEVICE_FAMILY = "1,2";
				TEST_HOST = "$(BUILT_PRODUCTS_DIR)/FaceAnimationTest.app/$(BUNDLE_EXECUTABLE_FOLDER_PATH)/FaceAnimation";
			};
			name = Debug;
		};
		BB05E7072AAC069F0042A451 /* Release */ = {
			isa = XCBuildConfiguration;
			buildSettings = {
				ALWAYS_EMBED_SWIFT_STANDARD_LIBRARIES = YES;
				BUNDLE_LOADER = "$(TEST_HOST)";
				CODE_SIGN_STYLE = Automatic;
				CURRENT_PROJECT_VERSION = 1;
				DEVELOPMENT_TEAM = WNCN9TJFT3;
				GENERATE_INFOPLIST_FILE = YES;
				IPHONEOS_DEPLOYMENT_TARGET = 16.4;
				MARKETING_VERSION = 1.0;
				PRODUCT_BUNDLE_IDENTIFIER = com.acapplications.FaceAnimationTests;
				PRODUCT_NAME = "$(TARGET_NAME)";
				SWIFT_EMIT_LOC_STRINGS = NO;
				SWIFT_VERSION = 5.0;
				TARGETED_DEVICE_FAMILY = "1,2";
				TEST_HOST = "$(BUILT_PRODUCTS_DIR)/FaceAnimationTest.app/$(BUNDLE_EXECUTABLE_FOLDER_PATH)/FaceAnimation";
			};
			name = Release;
		};
		BB05E7092AAC069F0042A451 /* Debug */ = {
			isa = XCBuildConfiguration;
			buildSettings = {
				ALWAYS_EMBED_SWIFT_STANDARD_LIBRARIES = YES;
				CODE_SIGN_STYLE = Automatic;
				CURRENT_PROJECT_VERSION = 1;
				DEVELOPMENT_TEAM = WNCN9TJFT3;
				GENERATE_INFOPLIST_FILE = YES;
				MARKETING_VERSION = 1.0;
				PRODUCT_BUNDLE_IDENTIFIER = com.acapplications.FaceAnimationUITests;
				PRODUCT_NAME = "$(TARGET_NAME)";
				SWIFT_EMIT_LOC_STRINGS = NO;
				SWIFT_VERSION = 5.0;
				TARGETED_DEVICE_FAMILY = "1,2";
				TEST_TARGET_NAME = FaceAnimation;
			};
			name = Debug;
		};
		BB05E70A2AAC069F0042A451 /* Release */ = {
			isa = XCBuildConfiguration;
			buildSettings = {
				ALWAYS_EMBED_SWIFT_STANDARD_LIBRARIES = YES;
				CODE_SIGN_STYLE = Automatic;
				CURRENT_PROJECT_VERSION = 1;
				DEVELOPMENT_TEAM = WNCN9TJFT3;
				GENERATE_INFOPLIST_FILE = YES;
				MARKETING_VERSION = 1.0;
				PRODUCT_BUNDLE_IDENTIFIER = com.acapplications.FaceAnimationUITests;
				PRODUCT_NAME = "$(TARGET_NAME)";
				SWIFT_EMIT_LOC_STRINGS = NO;
				SWIFT_VERSION = 5.0;
				TARGETED_DEVICE_FAMILY = "1,2";
				TEST_TARGET_NAME = FaceAnimation;
			};
			name = Release;
		};
/* End XCBuildConfiguration section */

/* Begin XCConfigurationList section */
		BB05E6D02AAC069E0042A451 /* Build configuration list for PBXProject "FaceAnimation" */ = {
			isa = XCConfigurationList;
			buildConfigurations = (
				BB05E7002AAC069F0042A451 /* Debug */,
				BB05E7012AAC069F0042A451 /* Release */,
			);
			defaultConfigurationIsVisible = 0;
			defaultConfigurationName = Release;
		};
		BB05E7022AAC069F0042A451 /* Build configuration list for PBXNativeTarget "FaceAnimation" */ = {
			isa = XCConfigurationList;
			buildConfigurations = (
				BB05E7032AAC069F0042A451 /* Debug */,
				BB05E7042AAC069F0042A451 /* Release */,
			);
			defaultConfigurationIsVisible = 0;
			defaultConfigurationName = Release;
		};
		BB05E7052AAC069F0042A451 /* Build configuration list for PBXNativeTarget "FaceAnimationTests" */ = {
			isa = XCConfigurationList;
			buildConfigurations = (
				BB05E7062AAC069F0042A451 /* Debug */,
				BB05E7072AAC069F0042A451 /* Release */,
			);
			defaultConfigurationIsVisible = 0;
			defaultConfigurationName = Release;
		};
		BB05E7082AAC069F0042A451 /* Build configuration list for PBXNativeTarget "FaceAnimationUITests" */ = {
			isa = XCConfigurationList;
			buildConfigurations = (
				BB05E7092AAC069F0042A451 /* Debug */,
				BB05E70A2AAC069F0042A451 /* Release */,
			);
			defaultConfigurationIsVisible = 0;
			defaultConfigurationName = Release;
		};
/* End XCConfigurationList section */

/* Begin XCVersionGroup section */
		BB05E6E12AAC069E0042A451 /* FaceAnimation.xcdatamodeld */ = {
			isa = XCVersionGroup;
			children = (
				BB05E6E22AAC069E0042A451 /* FaceAnimationTest.xcdatamodel */,
			);
			currentVersion = BB05E6E22AAC069E0042A451 /* FaceAnimationTest.xcdatamodel */;
			path = FaceAnimation.xcdatamodeld;
			sourceTree = "<group>";
			versionGroupType = wrapper.xcdatamodel;
		};
/* End XCVersionGroup section */
	};
	rootObject = BB05E6CD2AAC069E0042A451 /* Project object */;
}
